// !$*UTF8*$!
{
	archiveVersion = 1;
	classes = {
	};
	objectVersion = 46;
	objects = {

/* Begin PBXBuildFile section */
		CEC6F3081D64CFC000F73244 /* AppDelegate.swift in Sources */ = {isa = PBXBuildFile; fileRef = CEC6F3071D64CFC000F73244 /* AppDelegate.swift */; };
		CEC6F30A1D64CFC000F73244 /* ViewController.swift in Sources */ = {isa = PBXBuildFile; fileRef = CEC6F3091D64CFC000F73244 /* ViewController.swift */; };
		CEC6F30D1D64CFC000F73244 /* Main.storyboard in Resources */ = {isa = PBXBuildFile; fileRef = CEC6F30B1D64CFC000F73244 /* Main.storyboard */; };
		CEC6F3101D64CFC000F73244 /* TodoApp.xcdatamodeld in Sources */ = {isa = PBXBuildFile; fileRef = CEC6F30E1D64CFC000F73244 /* TodoApp.xcdatamodeld */; };
		CEC6F3121D64CFC000F73244 /* Assets.xcassets in Resources */ = {isa = PBXBuildFile; fileRef = CEC6F3111D64CFC000F73244 /* Assets.xcassets */; };
		CEC6F3151D64CFC000F73244 /* LaunchScreen.storyboard in Resources */ = {isa = PBXBuildFile; fileRef = CEC6F3131D64CFC000F73244 /* LaunchScreen.storyboard */; };
/* End PBXBuildFile section */

/* Begin PBXFileReference section */
		CEC6F3041D64CFC000F73244 /* TodoApp.app */ = {isa = PBXFileReference; explicitFileType = wrapper.application; includeInIndex = 0; path = TodoApp.app; sourceTree = BUILT_PRODUCTS_DIR; };
		CEC6F3071D64CFC000F73244 /* AppDelegate.swift */ = {isa = PBXFileReference; lastKnownFileType = sourcecode.swift; path = AppDelegate.swift; sourceTree = "<group>"; };
		CEC6F3091D64CFC000F73244 /* ViewController.swift */ = {isa = PBXFileReference; lastKnownFileType = sourcecode.swift; path = ViewController.swift; sourceTree = "<group>"; };
		CEC6F30C1D64CFC000F73244 /* Base */ = {isa = PBXFileReference; lastKnownFileType = file.storyboard; name = Base; path = Base.lproj/Main.storyboard; sourceTree = "<group>"; };
		CEC6F30F1D64CFC000F73244 /* TodoApp.xcdatamodel */ = {isa = PBXFileReference; lastKnownFileType = wrapper.xcdatamodel; path = TodoApp.xcdatamodel; sourceTree = "<group>"; };
		CEC6F3111D64CFC000F73244 /* Assets.xcassets */ = {isa = PBXFileReference; lastKnownFileType = folder.assetcatalog; path = Assets.xcassets; sourceTree = "<group>"; };
		CEC6F3141D64CFC000F73244 /* Base */ = {isa = PBXFileReference; lastKnownFileType = file.storyboard; name = Base; path = Base.lproj/LaunchScreen.storyboard; sourceTree = "<group>"; };
		CEC6F3161D64CFC000F73244 /* Info.plist */ = {isa = PBXFileReference; lastKnownFileType = text.plist.xml; path = Info.plist; sourceTree = "<group>"; };
/* End PBXFileReference section */

/* Begin PBXFrameworksBuildPhase section */
		CEC6F3011D64CFC000F73244 /* Frameworks */ = {
			isa = PBXFrameworksBuildPhase;
			buildActionMask = 2147483647;
			files = (
			);
			runOnlyForDeploymentPostprocessing = 0;
		};
/* End PBXFrameworksBuildPhase section */

/* Begin PBXGroup section */
		CEC6F2FB1D64CFC000F73244 = {
			isa = PBXGroup;
			children = (
				CEC6F3061D64CFC000F73244 /* TodoApp */,
				CEC6F3051D64CFC000F73244 /* Products */,
			);
			sourceTree = "<group>";
		};
		CEC6F3051D64CFC000F73244 /* Products */ = {
			isa = PBXGroup;
			children = (
				CEC6F3041D64CFC000F73244 /* TodoApp.app */,
			);
			name = Products;
			sourceTree = "<group>";
		};
		CEC6F3061D64CFC000F73244 /* TodoApp */ = {
			isa = PBXGroup;
			children = (
				CEC6F3071D64CFC000F73244 /* AppDelegate.swift */,
				CEC6F3091D64CFC000F73244 /* ViewController.swift */,
				CEC6F30B1D64CFC000F73244 /* Main.storyboard */,
				CEC6F3111D64CFC000F73244 /* Assets.xcassets */,
				CEC6F3131D64CFC000F73244 /* LaunchScreen.storyboard */,
				CEC6F3161D64CFC000F73244 /* Info.plist */,
				CEC6F30E1D64CFC000F73244 /* TodoApp.xcdatamodeld */,
			);
			path = TodoApp;
			sourceTree = "<group>";
		};
/* End PBXGroup section */

/* Begin PBXNativeTarget section */
		CEC6F3031D64CFC000F73244 /* TodoApp */ = {
			isa = PBXNativeTarget;
			buildConfigurationList = CEC6F3191D64CFC000F73244 /* Build configuration list for PBXNativeTarget "TodoApp" */;
			buildPhases = (
				CEC6F3001D64CFC000F73244 /* Sources */,
				CEC6F3011D64CFC000F73244 /* Frameworks */,
				CEC6F3021D64CFC000F73244 /* Resources */,
			);
			buildRules = (
			);
			dependencies = (
			);
			name = TodoApp;
			productName = TodoApp;
			productReference = CEC6F3041D64CFC000F73244 /* TodoApp.app */;
			productType = "com.apple.product-type.application";
		};
/* End PBXNativeTarget section */

/* Begin PBXProject section */
		CEC6F2FC1D64CFC000F73244 /* Project object */ = {
			isa = PBXProject;
			attributes = {
				LastSwiftUpdateCheck = 0730;
				LastUpgradeCheck = 0730;
				ORGANIZATIONNAME = "Paul Maxeiner";
				TargetAttributes = {
					CEC6F3031D64CFC000F73244 = {
						CreatedOnToolsVersion = 7.3.1;
					};
				};
			};
			buildConfigurationList = CEC6F2FF1D64CFC000F73244 /* Build configuration list for PBXProject "TodoApp" */;
			compatibilityVersion = "Xcode 3.2";
			developmentRegion = English;
			hasScannedForEncodings = 0;
			knownRegions = (
				en,
				Base,
			);
			mainGroup = CEC6F2FB1D64CFC000F73244;
			productRefGroup = CEC6F3051D64CFC000F73244 /* Products */;
			projectDirPath = "";
			projectRoot = "";
			targets = (
				CEC6F3031D64CFC000F73244 /* TodoApp */,
			);
		};
/* End PBXProject section */

/* Begin PBXResourcesBuildPhase section */
		CEC6F3021D64CFC000F73244 /* Resources */ = {
			isa = PBXResourcesBuildPhase;
			buildActionMask = 2147483647;
			files = (
				CEC6F3151D64CFC000F73244 /* LaunchScreen.storyboard in Resources */,
				CEC6F3121D64CFC000F73244 /* Assets.xcassets in Resources */,
				CEC6F30D1D64CFC000F73244 /* Main.storyboard in Resources */,
			);
			runOnlyForDeploymentPostprocessing = 0;
		};
/* End PBXResourcesBuildPhase section */

/* Begin PBXSourcesBuildPhase section */
		CEC6F3001D64CFC000F73244 /* Sources */ = {
			isa = PBXSourcesBuildPhase;
			buildActionMask = 2147483647;
			files = (
				CEC6F30A1D64CFC000F73244 /* ViewController.swift in Sources */,
				CEC6F3101D64CFC000F73244 /* TodoApp.xcdatamodeld in Sources */,
				CEC6F3081D64CFC000F73244 /* AppDelegate.swift in Sources */,
			);
			runOnlyForDeploymentPostprocessing = 0;
		};
/* End PBXSourcesBuildPhase section */

/* Begin PBXVariantGroup section */
		CEC6F30B1D64CFC000F73244 /* Main.storyboard */ = {
			isa = PBXVariantGroup;
			children = (
				CEC6F30C1D64CFC000F73244 /* Base */,
			);
			name = Main.storyboard;
			sourceTree = "<group>";
		};
		CEC6F3131D64CFC000F73244 /* LaunchScreen.storyboard */ = {
			isa = PBXVariantGroup;
			children = (
				CEC6F3141D64CFC000F73244 /* Base */,
			);
			name = LaunchScreen.storyboard;
			sourceTree = "<group>";
		};
/* End PBXVariantGroup section */

/* Begin XCBuildConfiguration section */
		CEC6F3171D64CFC000F73244 /* Debug */ = {
			isa = XCBuildConfiguration;
			buildSettings = {
				ALWAYS_SEARCH_USER_PATHS = NO;
				CLANG_ANALYZER_NONNULL = YES;
				CLANG_CXX_LANGUAGE_STANDARD = "gnu++0x";
				CLANG_CXX_LIBRARY = "libc++";
				CLANG_ENABLE_MODULES = YES;
				CLANG_ENABLE_OBJC_ARC = YES;
				CLANG_WARN_BOOL_CONVERSION = YES;
				CLANG_WARN_CONSTANT_CONVERSION = YES;
				CLANG_WARN_DIRECT_OBJC_ISA_USAGE = YES_ERROR;
				CLANG_WARN_EMPTY_BODY = YES;
				CLANG_WARN_ENUM_CONVERSION = YES;
				CLANG_WARN_INT_CONVERSION = YES;
				CLANG_WARN_OBJC_ROOT_CLASS = YES_ERROR;
				CLANG_WARN_UNREACHABLE_CODE = YES;
				CLANG_WARN__DUPLICATE_METHOD_MATCH = YES;
				"CODE_SIGN_IDENTITY[sdk=iphoneos*]" = "iPhone Developer";
				COPY_PHASE_STRIP = NO;
				DEBUG_INFORMATION_FORMAT = dwarf;
				ENABLE_STRICT_OBJC_MSGSEND = YES;
				ENABLE_TESTABILITY = YES;
				GCC_C_LANGUAGE_STANDARD = gnu99;
				GCC_DYNAMIC_NO_PIC = NO;
				GCC_NO_COMMON_BLOCKS = YES;
				GCC_OPTIMIZATION_LEVEL = 0;
				GCC_PREPROCESSOR_DEFINITIONS = (
					"DEBUG=1",
					"$(inherited)",
				);
				GCC_WARN_64_TO_32_BIT_CONVERSION = YES;
				GCC_WARN_ABOUT_RETURN_TYPE = YES_ERROR;
				GCC_WARN_UNDECLARED_SELECTOR = YES;
				GCC_WARN_UNINITIALIZED_AUTOS = YES_AGGRESSIVE;
				GCC_WARN_UNUSED_FUNCTION = YES;
				GCC_WARN_UNUSED_VARIABLE = YES;
				IPHONEOS_DEPLOYMENT_TARGET = 9.3;
				MTL_ENABLE_DEBUG_INFO = YES;
				ONLY_ACTIVE_ARCH = YES;
				SDKROOT = iphoneos;
				SWIFT_OPTIMIZATION_LEVEL = "-Onone";
			};
			name = Debug;
		};
		CEC6F3181D64CFC000F73244 /* Release */ = {
			isa = XCBuildConfiguration;
			buildSettings = {
				ALWAYS_SEARCH_USER_PATHS = NO;
				CLANG_ANALYZER_NONNULL = YES;
				CLANG_CXX_LANGUAGE_STANDARD = "gnu++0x";
				CLANG_CXX_LIBRARY = "libc++";
				CLANG_ENABLE_MODULES = YES;
				CLANG_ENABLE_OBJC_ARC = YES;
				CLANG_WARN_BOOL_CONVERSION = YES;
				CLANG_WARN_CONSTANT_CONVERSION = YES;
				CLANG_WARN_DIRECT_OBJC_ISA_USAGE = YES_ERROR;
				CLANG_WARN_EMPTY_BODY = YES;
				CLANG_WARN_ENUM_CONVERSION = YES;
				CLANG_WARN_INT_CONVERSION = YES;
				CLANG_WARN_OBJC_ROOT_CLASS = YES_ERROR;
				CLANG_WARN_UNREACHABLE_CODE = YES;
				CLANG_WARN__DUPLICATE_METHOD_MATCH = YES;
				"CODE_SIGN_IDENTITY[sdk=iphoneos*]" = "iPhone Developer";
				COPY_PHASE_STRIP = NO;
				DEBUG_INFORMATION_FORMAT = "dwarf-with-dsym";
				ENABLE_NS_ASSERTIONS = NO;
				ENABLE_STRICT_OBJC_MSGSEND = YES;
				GCC_C_LANGUAGE_STANDARD = gnu99;
				GCC_NO_COMMON_BLOCKS = YES;
				GCC_WARN_64_TO_32_BIT_CONVERSION = YES;
				GCC_WARN_ABOUT_RETURN_TYPE = YES_ERROR;
				GCC_WARN_UNDECLARED_SELECTOR = YES;
				GCC_WARN_UNINITIALIZED_AUTOS = YES_AGGRESSIVE;
				GCC_WARN_UNUSED_FUNCTION = YES;
				GCC_WARN_UNUSED_VARIABLE = YES;
				IPHONEOS_DEPLOYMENT_TARGET = 9.3;
				MTL_ENABLE_DEBUG_INFO = NO;
				SDKROOT = iphoneos;
				VALIDATE_PRODUCT = YES;
			};
			name = Release;
		};
		CEC6F31A1D64CFC000F73244 /* Debug */ = {
			isa = XCBuildConfiguration;
			buildSettings = {
				ASSETCATALOG_COMPILER_APPICON_NAME = AppIcon;
				INFOPLIST_FILE = TodoApp/Info.plist;
				LD_RUNPATH_SEARCH_PATHS = "$(inherited) @executable_path/Frameworks";
				PRODUCT_BUNDLE_IDENTIFIER = ee.TodoApp;
				PRODUCT_NAME = "$(TARGET_NAME)";
			};
			name = Debug;
		};
		CEC6F31B1D64CFC000F73244 /* Release */ = {
			isa = XCBuildConfiguration;
			buildSettings = {
				ASSETCATALOG_COMPILER_APPICON_NAME = AppIcon;
				INFOPLIST_FILE = TodoApp/Info.plist;
				LD_RUNPATH_SEARCH_PATHS = "$(inherited) @executable_path/Frameworks";
				PRODUCT_BUNDLE_IDENTIFIER = ee.TodoApp;
				PRODUCT_NAME = "$(TARGET_NAME)";
			};
			name = Release;
		};
/* End XCBuildConfiguration section */

/* Begin XCConfigurationList section */
		CEC6F2FF1D64CFC000F73244 /* Build configuration list for PBXProject "TodoApp" */ = {
			isa = XCConfigurationList;
			buildConfigurations = (
				CEC6F3171D64CFC000F73244 /* Debug */,
				CEC6F3181D64CFC000F73244 /* Release */,
			);
			defaultConfigurationIsVisible = 0;
			defaultConfigurationName = Release;
		};
		CEC6F3191D64CFC000F73244 /* Build configuration list for PBXNativeTarget "TodoApp" */ = {
			isa = XCConfigurationList;
			buildConfigurations = (
				CEC6F31A1D64CFC000F73244 /* Debug */,
				CEC6F31B1D64CFC000F73244 /* Release */,
			);
			defaultConfigurationIsVisible = 0;
		};
/* End XCConfigurationList section */

/* Begin XCVersionGroup section */
		CEC6F30E1D64CFC000F73244 /* TodoApp.xcdatamodeld */ = {
			isa = XCVersionGroup;
			children = (
				CEC6F30F1D64CFC000F73244 /* TodoApp.xcdatamodel */,
			);
			currentVersion = CEC6F30F1D64CFC000F73244 /* TodoApp.xcdatamodel */;
			path = TodoApp.xcdatamodeld;
			sourceTree = "<group>";
			versionGroupType = wrapper.xcdatamodel;
		};
/* End XCVersionGroup section */
	};
	rootObject = CEC6F2FC1D64CFC000F73244 /* Project object */;
}
